// !$*UTF8*$!
{
	archiveVersion = 1;
	classes = {
	};
	objectVersion = 46;
	objects = {

/* Begin PBXBuildFile section */
		6A0B799A1DF01CD100E55D05 /* XMPPData.m in Sources */ = {isa = PBXBuildFile; fileRef = 6A0B79991DF01CD100E55D05 /* XMPPData.m */; };
		6A0B799D1DF040E200E55D05 /* Login.storyboard in Resources */ = {isa = PBXBuildFile; fileRef = 6A0B799C1DF040E200E55D05 /* Login.storyboard */; };
		6A0B79A31DF0795600E55D05 /* Main.storyboard in Resources */ = {isa = PBXBuildFile; fileRef = 6A0B79A21DF0795600E55D05 /* Main.storyboard */; };
		6A3408D01DEC239E00D4831C /* LoginViewController.m in Sources */ = {isa = PBXBuildFile; fileRef = 6A3408CF1DEC239E00D4831C /* LoginViewController.m */; };
		6A3408D31DEC23AF00D4831C /* RegisterViewController.m in Sources */ = {isa = PBXBuildFile; fileRef = 6A3408D21DEC23AF00D4831C /* RegisterViewController.m */; };
		6A3408E01DED4C0600D4831C /* RecentChatTableViewController.m in Sources */ = {isa = PBXBuildFile; fileRef = 6A3408DF1DED4C0600D4831C /* RecentChatTableViewController.m */; };
		6A3408E31DED4C1800D4831C /* FriendListTableViewController.m in Sources */ = {isa = PBXBuildFile; fileRef = 6A3408E21DED4C1800D4831C /* FriendListTableViewController.m */; };
		6A37BDB01DE804C400CDB960 /* main.m in Sources */ = {isa = PBXBuildFile; fileRef = 6A37BDAF1DE804C400CDB960 /* main.m */; };
		6A37BDB31DE804C400CDB960 /* AppDelegate.m in Sources */ = {isa = PBXBuildFile; fileRef = 6A37BDB21DE804C400CDB960 /* AppDelegate.m */; };
		6A37BDBB1DE804C400CDB960 /* Assets.xcassets in Resources */ = {isa = PBXBuildFile; fileRef = 6A37BDBA1DE804C400CDB960 /* Assets.xcassets */; };
		6A37BDBE1DE804C400CDB960 /* LaunchScreen.storyboard in Resources */ = {isa = PBXBuildFile; fileRef = 6A37BDBC1DE804C400CDB960 /* LaunchScreen.storyboard */; };
		6A37BDD21DE84F0200CDB960 /* XMPPTool.m in Sources */ = {isa = PBXBuildFile; fileRef = 6A37BDD11DE84F0200CDB960 /* XMPPTool.m */; };
		A9F158C08954F494B3C1D935 /* Pods_OutdoorChat.framework in Frameworks */ = {isa = PBXBuildFile; fileRef = 56690C988A48237A716BB04A /* Pods_OutdoorChat.framework */; };
/* End PBXBuildFile section */

/* Begin PBXFileReference section */
		50C3BC902148BCBC92D84028 /* Pods-OutdoorChat.release.xcconfig */ = {isa = PBXFileReference; includeInIndex = 1; lastKnownFileType = text.xcconfig; name = "Pods-OutdoorChat.release.xcconfig"; path = "Pods/Target Support Files/Pods-OutdoorChat/Pods-OutdoorChat.release.xcconfig"; sourceTree = "<group>"; };
		56690C988A48237A716BB04A /* Pods_OutdoorChat.framework */ = {isa = PBXFileReference; explicitFileType = wrapper.framework; includeInIndex = 0; path = Pods_OutdoorChat.framework; sourceTree = BUILT_PRODUCTS_DIR; };
		6A0B79991DF01CD100E55D05 /* XMPPData.m */ = {isa = PBXFileReference; fileEncoding = 4; lastKnownFileType = sourcecode.c.objc; path = XMPPData.m; sourceTree = "<group>"; };
		6A0B799B1DF01CEE00E55D05 /* XMPPData.h */ = {isa = PBXFileReference; lastKnownFileType = sourcecode.c.h; path = XMPPData.h; sourceTree = "<group>"; };
		6A0B799C1DF040E200E55D05 /* Login.storyboard */ = {isa = PBXFileReference; fileEncoding = 4; lastKnownFileType = file.storyboard; name = Login.storyboard; path = ../Login.storyboard; sourceTree = "<group>"; };
		6A0B79A21DF0795600E55D05 /* Main.storyboard */ = {isa = PBXFileReference; fileEncoding = 4; lastKnownFileType = file.storyboard; path = Main.storyboard; sourceTree = "<group>"; };
		6A3408CE1DEC239E00D4831C /* LoginViewController.h */ = {isa = PBXFileReference; fileEncoding = 4; lastKnownFileType = sourcecode.c.h; path = LoginViewController.h; sourceTree = "<group>"; };
		6A3408CF1DEC239E00D4831C /* LoginViewController.m */ = {isa = PBXFileReference; fileEncoding = 4; lastKnownFileType = sourcecode.c.objc; path = LoginViewController.m; sourceTree = "<group>"; };
		6A3408D11DEC23AF00D4831C /* RegisterViewController.h */ = {isa = PBXFileReference; fileEncoding = 4; lastKnownFileType = sourcecode.c.h; path = RegisterViewController.h; sourceTree = "<group>"; };
		6A3408D21DEC23AF00D4831C /* RegisterViewController.m */ = {isa = PBXFileReference; fileEncoding = 4; lastKnownFileType = sourcecode.c.objc; path = RegisterViewController.m; sourceTree = "<group>"; };
		6A3408D51DEC3ABD00D4831C /* Config.h */ = {isa = PBXFileReference; lastKnownFileType = sourcecode.c.h; path = Config.h; sourceTree = "<group>"; };
		6A3408DE1DED4C0600D4831C /* RecentChatTableViewController.h */ = {isa = PBXFileReference; fileEncoding = 4; lastKnownFileType = sourcecode.c.h; path = RecentChatTableViewController.h; sourceTree = "<group>"; };
		6A3408DF1DED4C0600D4831C /* RecentChatTableViewController.m */ = {isa = PBXFileReference; fileEncoding = 4; lastKnownFileType = sourcecode.c.objc; path = RecentChatTableViewController.m; sourceTree = "<group>"; };
		6A3408E11DED4C1800D4831C /* FriendListTableViewController.h */ = {isa = PBXFileReference; fileEncoding = 4; lastKnownFileType = sourcecode.c.h; path = FriendListTableViewController.h; sourceTree = "<group>"; };
		6A3408E21DED4C1800D4831C /* FriendListTableViewController.m */ = {isa = PBXFileReference; fileEncoding = 4; lastKnownFileType = sourcecode.c.objc; path = FriendListTableViewController.m; sourceTree = "<group>"; };
		6A37BDAB1DE804C400CDB960 /* OutdoorChat.app */ = {isa = PBXFileReference; explicitFileType = wrapper.application; includeInIndex = 0; path = OutdoorChat.app; sourceTree = BUILT_PRODUCTS_DIR; };
		6A37BDAF1DE804C400CDB960 /* main.m */ = {isa = PBXFileReference; lastKnownFileType = sourcecode.c.objc; path = main.m; sourceTree = "<group>"; };
		6A37BDB11DE804C400CDB960 /* AppDelegate.h */ = {isa = PBXFileReference; lastKnownFileType = sourcecode.c.h; path = AppDelegate.h; sourceTree = "<group>"; };
		6A37BDB21DE804C400CDB960 /* AppDelegate.m */ = {isa = PBXFileReference; lastKnownFileType = sourcecode.c.objc; path = AppDelegate.m; sourceTree = "<group>"; };
		6A37BDBA1DE804C400CDB960 /* Assets.xcassets */ = {isa = PBXFileReference; lastKnownFileType = folder.assetcatalog; path = Assets.xcassets; sourceTree = "<group>"; };
		6A37BDBD1DE804C400CDB960 /* Base */ = {isa = PBXFileReference; lastKnownFileType = file.storyboard; name = Base; path = Base.lproj/LaunchScreen.storyboard; sourceTree = "<group>"; };
		6A37BDBF1DE804C400CDB960 /* Info.plist */ = {isa = PBXFileReference; lastKnownFileType = text.plist.xml; path = Info.plist; sourceTree = "<group>"; };
		6A37BDD01DE84EF500CDB960 /* XMPPTool.h */ = {isa = PBXFileReference; lastKnownFileType = sourcecode.c.h; path = XMPPTool.h; sourceTree = "<group>"; };
		6A37BDD11DE84F0200CDB960 /* XMPPTool.m */ = {isa = PBXFileReference; fileEncoding = 4; lastKnownFileType = sourcecode.c.objc; path = XMPPTool.m; sourceTree = "<group>"; };
		CA9D7C239BAE19111186B8C3 /* Pods-OutdoorChat.debug.xcconfig */ = {isa = PBXFileReference; includeInIndex = 1; lastKnownFileType = text.xcconfig; name = "Pods-OutdoorChat.debug.xcconfig"; path = "Pods/Target Support Files/Pods-OutdoorChat/Pods-OutdoorChat.debug.xcconfig"; sourceTree = "<group>"; };
/* End PBXFileReference section */

/* Begin PBXFrameworksBuildPhase section */
		6A37BDA81DE804C400CDB960 /* Frameworks */ = {
			isa = PBXFrameworksBuildPhase;
			buildActionMask = 2147483647;
			files = (
				A9F158C08954F494B3C1D935 /* Pods_OutdoorChat.framework in Frameworks */,
			);
			runOnlyForDeploymentPostprocessing = 0;
		};
/* End PBXFrameworksBuildPhase section */

/* Begin PBXGroup section */
		5AF3780E99C579960788A258 /* Frameworks */ = {
			isa = PBXGroup;
			children = (
				56690C988A48237A716BB04A /* Pods_OutdoorChat.framework */,
			);
			name = Frameworks;
			sourceTree = "<group>";
		};
		6A0B799E1DF0424F00E55D05 /* Classes */ = {
			isa = PBXGroup;
			children = (
				6A0B79A11DF0429900E55D05 /* Others */,
				6A0B79A01DF0426700E55D05 /* Main */,
				6A0B799F1DF0425F00E55D05 /* Login */,
			);
			name = Classes;
			sourceTree = "<group>";
		};
		6A0B799F1DF0425F00E55D05 /* Login */ = {
			isa = PBXGroup;
			children = (
				6A0B799C1DF040E200E55D05 /* Login.storyboard */,
			);
			name = Login;
			sourceTree = "<group>";
		};
		6A0B79A01DF0426700E55D05 /* Main */ = {
			isa = PBXGroup;
			children = (
				6A0B79A21DF0795600E55D05 /* Main.storyboard */,
			);
			name = Main;
			sourceTree = "<group>";
		};
		6A0B79A11DF0429900E55D05 /* Others */ = {
			isa = PBXGroup;
			children = (
				6A37BDB11DE804C400CDB960 /* AppDelegate.h */,
				6A37BDB21DE804C400CDB960 /* AppDelegate.m */,
			);
			name = Others;
			sourceTree = "<group>";
		};
		6A3408C41DEBDE1B00D4831C /* ViewController */ = {
			isa = PBXGroup;
			children = (
				6A3408CE1DEC239E00D4831C /* LoginViewController.h */,
				6A3408CF1DEC239E00D4831C /* LoginViewController.m */,
				6A3408D11DEC23AF00D4831C /* RegisterViewController.h */,
				6A3408D21DEC23AF00D4831C /* RegisterViewController.m */,
				6A3408DE1DED4C0600D4831C /* RecentChatTableViewController.h */,
				6A3408DF1DED4C0600D4831C /* RecentChatTableViewController.m */,
				6A3408E11DED4C1800D4831C /* FriendListTableViewController.h */,
				6A3408E21DED4C1800D4831C /* FriendListTableViewController.m */,
			);
			name = ViewController;
			sourceTree = "<group>";
		};
		6A3408D41DEC3A9A00D4831C /* Config */ = {
			isa = PBXGroup;
			children = (
				6A3408D51DEC3ABD00D4831C /* Config.h */,
			);
			name = Config;
			sourceTree = "<group>";
		};
		6A37BDA21DE804C400CDB960 = {
			isa = PBXGroup;
			children = (
				6A37BDAD1DE804C400CDB960 /* OutdoorChat */,
				6A37BDAC1DE804C400CDB960 /* Products */,
				E1EC2DF3BCDBA1D2C8CE4581 /* Pods */,
				5AF3780E99C579960788A258 /* Frameworks */,
			);
			sourceTree = "<group>";
		};
		6A37BDAC1DE804C400CDB960 /* Products */ = {
			isa = PBXGroup;
			children = (
				6A37BDAB1DE804C400CDB960 /* OutdoorChat.app */,
			);
			name = Products;
			sourceTree = "<group>";
		};
		6A37BDAD1DE804C400CDB960 /* OutdoorChat */ = {
			isa = PBXGroup;
			children = (
				6A0B799E1DF0424F00E55D05 /* Classes */,
				6A3408D41DEC3A9A00D4831C /* Config */,
				6A3408C41DEBDE1B00D4831C /* ViewController */,
				6A37BDCD1DE84EA600CDB960 /* ToolClass */,
				6A37BDBA1DE804C400CDB960 /* Assets.xcassets */,
				6A37BDBC1DE804C400CDB960 /* LaunchScreen.storyboard */,
				6A37BDBF1DE804C400CDB960 /* Info.plist */,
				6A37BDAE1DE804C400CDB960 /* Supporting Files */,
			);
			path = OutdoorChat;
			sourceTree = "<group>";
		};
		6A37BDAE1DE804C400CDB960 /* Supporting Files */ = {
			isa = PBXGroup;
			children = (
				6A37BDAF1DE804C400CDB960 /* main.m */,
			);
			name = "Supporting Files";
			sourceTree = "<group>";
		};
		6A37BDCD1DE84EA600CDB960 /* ToolClass */ = {
			isa = PBXGroup;
			children = (
				6A37BDD01DE84EF500CDB960 /* XMPPTool.h */,
				6A37BDD11DE84F0200CDB960 /* XMPPTool.m */,
				6A0B79991DF01CD100E55D05 /* XMPPData.m */,
				6A0B799B1DF01CEE00E55D05 /* XMPPData.h */,
			);
			name = ToolClass;
			sourceTree = "<group>";
		};
		E1EC2DF3BCDBA1D2C8CE4581 /* Pods */ = {
			isa = PBXGroup;
			children = (
				CA9D7C239BAE19111186B8C3 /* Pods-OutdoorChat.debug.xcconfig */,
				50C3BC902148BCBC92D84028 /* Pods-OutdoorChat.release.xcconfig */,
			);
			name = Pods;
			sourceTree = "<group>";
		};
/* End PBXGroup section */

/* Begin PBXNativeTarget section */
		6A37BDAA1DE804C400CDB960 /* OutdoorChat */ = {
			isa = PBXNativeTarget;
			buildConfigurationList = 6A37BDC21DE804C400CDB960 /* Build configuration list for PBXNativeTarget "OutdoorChat" */;
			buildPhases = (
				A755A2B835B18D6B98856A22 /* [CP] Check Pods Manifest.lock */,
				6A37BDA71DE804C400CDB960 /* Sources */,
				6A37BDA81DE804C400CDB960 /* Frameworks */,
				6A37BDA91DE804C400CDB960 /* Resources */,
				37567884C13A296564E5C349 /* [CP] Embed Pods Frameworks */,
				768AC09412AAA8BBA36BF45A /* [CP] Copy Pods Resources */,
			);
			buildRules = (
			);
			dependencies = (
			);
			name = OutdoorChat;
			productName = OutdoorChat;
			productReference = 6A37BDAB1DE804C400CDB960 /* OutdoorChat.app */;
			productType = "com.apple.product-type.application";
		};
/* End PBXNativeTarget section */

/* Begin PBXProject section */
		6A37BDA31DE804C400CDB960 /* Project object */ = {
			isa = PBXProject;
			attributes = {
				LastUpgradeCheck = 0810;
				ORGANIZATIONNAME = "朱贺";
				TargetAttributes = {
					6A37BDAA1DE804C400CDB960 = {
						CreatedOnToolsVersion = 8.1;
						DevelopmentTeam = QF7CR276N9;
						ProvisioningStyle = Automatic;
					};
				};
			};
			buildConfigurationList = 6A37BDA61DE804C400CDB960 /* Build configuration list for PBXProject "OutdoorChat" */;
			compatibilityVersion = "Xcode 3.2";
			developmentRegion = English;
			hasScannedForEncodings = 0;
			knownRegions = (
				en,
				Base,
			);
			mainGroup = 6A37BDA21DE804C400CDB960;
			productRefGroup = 6A37BDAC1DE804C400CDB960 /* Products */;
			projectDirPath = "";
			projectRoot = "";
			targets = (
				6A37BDAA1DE804C400CDB960 /* OutdoorChat */,
			);
		};
/* End PBXProject section */

/* Begin PBXResourcesBuildPhase section */
		6A37BDA91DE804C400CDB960 /* Resources */ = {
			isa = PBXResourcesBuildPhase;
			buildActionMask = 2147483647;
			files = (
				6A37BDBE1DE804C400CDB960 /* LaunchScreen.storyboard in Resources */,
				6A37BDBB1DE804C400CDB960 /* Assets.xcassets in Resources */,
				6A0B799D1DF040E200E55D05 /* Login.storyboard in Resources */,
				6A0B79A31DF0795600E55D05 /* Main.storyboard in Resources */,
			);
			runOnlyForDeploymentPostprocessing = 0;
		};
/* End PBXResourcesBuildPhase section */

/* Begin PBXShellScriptBuildPhase section */
		37567884C13A296564E5C349 /* [CP] Embed Pods Frameworks */ = {
			isa = PBXShellScriptBuildPhase;
			buildActionMask = 2147483647;
			files = (
			);
			inputPaths = (
			);
			name = "[CP] Embed Pods Frameworks";
			outputPaths = (
			);
			runOnlyForDeploymentPostprocessing = 0;
			shellPath = /bin/sh;
			shellScript = "\"${SRCROOT}/Pods/Target Support Files/Pods-OutdoorChat/Pods-OutdoorChat-frameworks.sh\"\n";
			showEnvVarsInLog = 0;
		};
		768AC09412AAA8BBA36BF45A /* [CP] Copy Pods Resources */ = {
			isa = PBXShellScriptBuildPhase;
			buildActionMask = 2147483647;
			files = (
			);
			inputPaths = (
			);
			name = "[CP] Copy Pods Resources";
			outputPaths = (
			);
			runOnlyForDeploymentPostprocessing = 0;
			shellPath = /bin/sh;
			shellScript = "\"${SRCROOT}/Pods/Target Support Files/Pods-OutdoorChat/Pods-OutdoorChat-resources.sh\"\n";
			showEnvVarsInLog = 0;
		};
		A755A2B835B18D6B98856A22 /* [CP] Check Pods Manifest.lock */ = {
			isa = PBXShellScriptBuildPhase;
			buildActionMask = 2147483647;
			files = (
			);
			inputPaths = (
			);
			name = "[CP] Check Pods Manifest.lock";
			outputPaths = (
			);
			runOnlyForDeploymentPostprocessing = 0;
			shellPath = /bin/sh;
			shellScript = "diff \"${PODS_ROOT}/../Podfile.lock\" \"${PODS_ROOT}/Manifest.lock\" > /dev/null\nif [ $? != 0 ] ; then\n    # print error to STDERR\n    echo \"error: The sandbox is not in sync with the Podfile.lock. Run 'pod install' or update your CocoaPods installation.\" >&2\n    exit 1\nfi\n";
			showEnvVarsInLog = 0;
		};
/* End PBXShellScriptBuildPhase section */

/* Begin PBXSourcesBuildPhase section */
		6A37BDA71DE804C400CDB960 /* Sources */ = {
			isa = PBXSourcesBuildPhase;
			buildActionMask = 2147483647;
			files = (
				6A3408D31DEC23AF00D4831C /* RegisterViewController.m in Sources */,
				6A37BDB31DE804C400CDB960 /* AppDelegate.m in Sources */,
				6A3408E01DED4C0600D4831C /* RecentChatTableViewController.m in Sources */,
				6A37BDD21DE84F0200CDB960 /* XMPPTool.m in Sources */,
				6A0B799A1DF01CD100E55D05 /* XMPPData.m in Sources */,
				6A3408E31DED4C1800D4831C /* FriendListTableViewController.m in Sources */,
				6A37BDB01DE804C400CDB960 /* main.m in Sources */,
				6A3408D01DEC239E00D4831C /* LoginViewController.m in Sources */,
			);
			runOnlyForDeploymentPostprocessing = 0;
		};
/* End PBXSourcesBuildPhase section */

/* Begin PBXVariantGroup section */
		6A37BDBC1DE804C400CDB960 /* LaunchScreen.storyboard */ = {
			isa = PBXVariantGroup;
			children = (
				6A37BDBD1DE804C400CDB960 /* Base */,
			);
			name = LaunchScreen.storyboard;
			sourceTree = "<group>";
		};
/* End PBXVariantGroup section */

/* Begin XCBuildConfiguration section */
		6A37BDC01DE804C400CDB960 /* Debug */ = {
			isa = XCBuildConfiguration;
			buildSettings = {
				ALWAYS_SEARCH_USER_PATHS = NO;
				CLANG_ANALYZER_NONNULL = YES;
				CLANG_CXX_LANGUAGE_STANDARD = "gnu++0x";
				CLANG_CXX_LIBRARY = "libc++";
				CLANG_ENABLE_MODULES = YES;
				CLANG_ENABLE_OBJC_ARC = YES;
				CLANG_WARN_BOOL_CONVERSION = YES;
				CLANG_WARN_CONSTANT_CONVERSION = YES;
				CLANG_WARN_DIRECT_OBJC_ISA_USAGE = YES_ERROR;
				CLANG_WARN_DOCUMENTATION_COMMENTS = YES;
				CLANG_WARN_EMPTY_BODY = YES;
				CLANG_WARN_ENUM_CONVERSION = YES;
				CLANG_WARN_INFINITE_RECURSION = YES;
				CLANG_WARN_INT_CONVERSION = YES;
				CLANG_WARN_OBJC_ROOT_CLASS = YES_ERROR;
				CLANG_WARN_SUSPICIOUS_MOVES = YES;
				CLANG_WARN_UNREACHABLE_CODE = YES;
				CLANG_WARN__DUPLICATE_METHOD_MATCH = YES;
				"CODE_SIGN_IDENTITY[sdk=iphoneos*]" = "iPhone Developer";
				COPY_PHASE_STRIP = NO;
				DEBUG_INFORMATION_FORMAT = dwarf;
				ENABLE_STRICT_OBJC_MSGSEND = YES;
				ENABLE_TESTABILITY = YES;
				GCC_C_LANGUAGE_STANDARD = gnu99;
				GCC_DYNAMIC_NO_PIC = NO;
				GCC_NO_COMMON_BLOCKS = YES;
				GCC_OPTIMIZATION_LEVEL = 0;
				GCC_PREPROCESSOR_DEFINITIONS = (
					"DEBUG=1",
					"$(inherited)",
				);
				GCC_WARN_64_TO_32_BIT_CONVERSION = YES;
				GCC_WARN_ABOUT_RETURN_TYPE = YES_ERROR;
				GCC_WARN_UNDECLARED_SELECTOR = YES;
				GCC_WARN_UNINITIALIZED_AUTOS = YES_AGGRESSIVE;
				GCC_WARN_UNUSED_FUNCTION = YES;
				GCC_WARN_UNUSED_VARIABLE = YES;
				IPHONEOS_DEPLOYMENT_TARGET = 10.1;
				MTL_ENABLE_DEBUG_INFO = YES;
				ONLY_ACTIVE_ARCH = YES;
				SDKROOT = iphoneos;
				TARGETED_DEVICE_FAMILY = "1,2";
			};
			name = Debug;
		};
		6A37BDC11DE804C400CDB960 /* Release */ = {
			isa = XCBuildConfiguration;
			buildSettings = {
				ALWAYS_SEARCH_USER_PATHS = NO;
				CLANG_ANALYZER_NONNULL = YES;
				CLANG_CXX_LANGUAGE_STANDARD = "gnu++0x";
				CLANG_CXX_LIBRARY = "libc++";
				CLANG_ENABLE_MODULES = YES;
				CLANG_ENABLE_OBJC_ARC = YES;
				CLANG_WARN_BOOL_CONVERSION = YES;
				CLANG_WARN_CONSTANT_CONVERSION = YES;
				CLANG_WARN_DIRECT_OBJC_ISA_USAGE = YES_ERROR;
				CLANG_WARN_DOCUMENTATION_COMMENTS = YES;
				CLANG_WARN_EMPTY_BODY = YES;
				CLANG_WARN_ENUM_CONVERSION = YES;
				CLANG_WARN_INFINITE_RECURSION = YES;
				CLANG_WARN_INT_CONVERSION = YES;
				CLANG_WARN_OBJC_ROOT_CLASS = YES_ERROR;
				CLANG_WARN_SUSPICIOUS_MOVES = YES;
				CLANG_WARN_UNREACHABLE_CODE = YES;
				CLANG_WARN__DUPLICATE_METHOD_MATCH = YES;
				"CODE_SIGN_IDENTITY[sdk=iphoneos*]" = "iPhone Developer";
				COPY_PHASE_STRIP = NO;
				DEBUG_INFORMATION_FORMAT = "dwarf-with-dsym";
				ENABLE_NS_ASSERTIONS = NO;
				ENABLE_STRICT_OBJC_MSGSEND = YES;
				GCC_C_LANGUAGE_STANDARD = gnu99;
				GCC_NO_COMMON_BLOCKS = YES;
				GCC_WARN_64_TO_32_BIT_CONVERSION = YES;
				GCC_WARN_ABOUT_RETURN_TYPE = YES_ERROR;
				GCC_WARN_UNDECLARED_SELECTOR = YES;
				GCC_WARN_UNINITIALIZED_AUTOS = YES_AGGRESSIVE;
				GCC_WARN_UNUSED_FUNCTION = YES;
				GCC_WARN_UNUSED_VARIABLE = YES;
				IPHONEOS_DEPLOYMENT_TARGET = 10.1;
				MTL_ENABLE_DEBUG_INFO = NO;
				SDKROOT = iphoneos;
				TARGETED_DEVICE_FAMILY = "1,2";
				VALIDATE_PRODUCT = YES;
			};
			name = Release;
		};
		6A37BDC31DE804C400CDB960 /* Debug */ = {
			isa = XCBuildConfiguration;
			baseConfigurationReference = CA9D7C239BAE19111186B8C3 /* Pods-OutdoorChat.debug.xcconfig */;
			buildSettings = {
				ASSETCATALOG_COMPILER_APPICON_NAME = AppIcon;
				DEVELOPMENT_TEAM = QF7CR276N9;
				FRAMEWORK_SEARCH_PATHS = (
					"$(inherited)",
					"\"${PODS_ROOT}/AMap3DMap\"",
					"\"${PODS_ROOT}/AMapFoundation\"",
					"\"${PODS_ROOT}/AMapSearch\"",
				);
				INFOPLIST_FILE = OutdoorChat/Info.plist;
				LD_RUNPATH_SEARCH_PATHS = "$(inherited) @executable_path/Frameworks";
				PRODUCT_BUNDLE_IDENTIFIER = cn.lovebing.OutdoorChat;
				PRODUCT_NAME = "$(TARGET_NAME)";
				TARGETED_DEVICE_FAMILY = "1,2";
			};
			name = Debug;
		};
		6A37BDC41DE804C400CDB960 /* Release */ = {
			isa = XCBuildConfiguration;
			baseConfigurationReference = 50C3BC902148BCBC92D84028 /* Pods-OutdoorChat.release.xcconfig */;
			buildSettings = {
				ASSETCATALOG_COMPILER_APPICON_NAME = AppIcon;
				DEVELOPMENT_TEAM = QF7CR276N9;
				FRAMEWORK_SEARCH_PATHS = (
					"$(inherited)",
					"\"${PODS_ROOT}/AMap3DMap\"",
					"\"${PODS_ROOT}/AMapFoundation\"",
					"\"${PODS_ROOT}/AMapSearch\"",
					"\"${PODS_ROOT}/XMPPFramework\"",
				);
				INFOPLIST_FILE = OutdoorChat/Info.plist;
				LD_RUNPATH_SEARCH_PATHS = "$(inherited) @executable_path/Frameworks";
				PRODUCT_BUNDLE_IDENTIFIER = cn.lovebing.OutdoorChat;
				PRODUCT_NAME = "$(TARGET_NAME)";
				TARGETED_DEVICE_FAMILY = "1,2";
			};
			name = Release;
		};
/* End XCBuildConfiguration section */

/* Begin XCConfigurationList section */
		6A37BDA61DE804C400CDB960 /* Build configuration list for PBXProject "OutdoorChat" */ = {
			isa = XCConfigurationList;
			buildConfigurations = (
				6A37BDC01DE804C400CDB960 /* Debug */,
				6A37BDC11DE804C400CDB960 /* Release */,
			);
			defaultConfigurationIsVisible = 0;
			defaultConfigurationName = Release;
		};
		6A37BDC21DE804C400CDB960 /* Build configuration list for PBXNativeTarget "OutdoorChat" */ = {
			isa = XCConfigurationList;
			buildConfigurations = (
				6A37BDC31DE804C400CDB960 /* Debug */,
				6A37BDC41DE804C400CDB960 /* Release */,
			);
			defaultConfigurationIsVisible = 0;
			defaultConfigurationName = Release;
		};
/* End XCConfigurationList section */
	};
	rootObject = 6A37BDA31DE804C400CDB960 /* Project object */;
}
